lockfileVersion: '6.0'

settings:
  autoInstallPeers: true
  excludeLinksFromLockfile: false

dependencies:
  dotenv:
    specifier: ^16.3.1
    version: 16.3.1
  xmldom:
    specifier: ^0.6.0
    version: 0.6.0

devDependencies:
  '@types/node':
    specifier: ^20.4.6
    version: 20.4.6
  '@types/xmldom':
    specifier: ^0.1.31
    version: 0.1.31

packages:

  /@types/node@20.4.6:
    resolution: {integrity: sha512-q0RkvNgMweWWIvSMDiXhflGUKMdIxBo2M2tYM/0kEGDueQByFzK4KZAgu5YHGFNxziTlppNpTIBcqHQAxlfHdA==}
    dev: true

  /@types/xmldom@0.1.31:
    resolution: {integrity: sha512-bVy7s0nvaR5D1mT1a8ZkByHWNOGb6Vn4yi5TWhEdmyKlAG+08SA7Md6+jH+tYmMLueAwNeWvHHpeKrr6S4c4BA==}
    dev: true

  /dotenv@16.3.1:
    resolution: {integrity: sha512-IPzF4w4/Rd94bA9imS68tZBaYyBWSCE47V1RGuMrB94iyTOIEwRmVL2x/4An+6mETpLrKJ5hQkB8W4kFAadeIQ==}
    engines: {node: '>=12'}
    dev: false

  /xmldom@0.6.0:
    resolution: {integrity: sha512-iAcin401y58LckRZ0TkI4k0VSM1Qg0KGSc3i8rU+xrxe19A/BN1zHyVSJY7uoutVlaTSzYyk/v5AmkewAP7jtg==}
    engines: {node: '>=10.0.0'}
    dev: false
